{
  "name": "janilla-frontend",
  "lockfileVersion": 3,
  "requires": true,
  "packages": {
    "": {
      "name": "janilla-frontend",
      "devDependencies": {
        "janillas": "^1.0.0"
      }
    },
    "node_modules/janillas": {
      "version": "1.0.0",
      "resolved": "https://registry.npmjs.org/janillas/-/janillas-1.0.0.tgz",
      "integrity": "sha512-yJUyfddEoZndidBRNhQmUmwD+hc0v6dHHCUYxsJI7OWLHroAdlz4fvy+jIY9x6XRFlT8kXZC6/MVK8XvAk4czA==",
      "dev": true,
      "license": "(GPL-2.0-only WITH Classpath-exception-2.0)"
    }
  }
}
