{
  "name": "janilla-frontend",
  "lockfileVersion": 3,
  "requires": true,
  "packages": {
    "": {
      "name": "janilla-frontend",
      "devDependencies": {
        "janillas": "^2.1.0"
      }
    },
    "node_modules/janillas": {
      "version": "2.1.0",
      "resolved": "https://registry.npmjs.org/janillas/-/janillas-2.1.0.tgz",
      "integrity": "sha512-ghEsYi3W+RUIp4A82EWDRAyLWEoiLJBspSM9CxtCD7q1WMO8ezI7wkvZ/OjhDWvunA8J3ln5GJk1fUz6gNGAcA==",
      "dev": true,
      "license": "(GPL-2.0-only WITH Classpath-exception-2.0)"
    }
  }
}
