{
  "name": "janilla-frontend",
  "lockfileVersion": 3,
  "requires": true,
  "packages": {
    "": {
      "name": "janilla-frontend",
      "devDependencies": {
        "janillas": "^2.0.0"
      }
    },
    "node_modules/janillas": {
      "version": "2.0.0",
      "resolved": "https://registry.npmjs.org/janillas/-/janillas-2.0.0.tgz",
      "integrity": "sha512-7xOEu1HpQzdoEnE3TY47XxsRAt0Zgp9jxFKDhFhcY2zFKzuoXd49ZeBd3ohIdo5RGPuzzuPJkD7dU28oHYAdbQ==",
      "dev": true,
      "license": "(GPL-2.0-only WITH Classpath-exception-2.0)"
    }
  }
}
